# This file is autogenerated, do not edit; changes may be undone by the next 'dep ensure'.


[[projects]]
  name = "github.com/PuerkitoBio/goquery"
  packages = ["."]
  revision = "e1271ee34c6a305e38566ecd27ae374944907ee9"
  version = "v1.1.0"

[[projects]]
  branch = "master"
  name = "github.com/andybalholm/cascadia"
  packages = ["."]
  revision = "349dd0209470eabd9514242c688c403c0926d266"

[[projects]]
  name = "github.com/tdewolff/minify"
  packages = [".","css","html","js"]
  revision = "90df1aae5028a7cbb441bde86e86a55df6b5aa34"
  version = "v2.3.3"

[[projects]]
  name = "github.com/tdewolff/parse"
  packages = [".","buffer","css","html","js","strconv"]
  revision = "bace4cf682c41e03b154044b561575ff541b83e8"
  version = "v2.3.1"

[[projects]]
  branch = "master"
  name = "github.com/teamwork/test"
  packages = ["."]
  revision = "559f1f9ef83a9d1858c16909fabb14abb61154a9"

[[projects]]
  branch = "master"
  name = "golang.org/x/net"
  packages = ["html","html/atom"]
  revision = "c7086645de248775cbf2373cf5ca4d2fa664b8c1"

[solve-meta]
  analyzer-name = "dep"
  analyzer-version = 1
  inputs-digest = "e701fcbc9c9ac2e704e874b736fc33a211ab6ced546c8ca02918f5ff73478867"
  solver-name = "gps-cdcl"
  solver-version = 1
