# This file is autogenerated, do not edit; changes may be undone by the next 'dep ensure'.


[[projects]]
  digest = "1:9a88883f474d09f1da61894cd8115c7f33988d6941e4f6236324c777aaff8f2c"
  name = "github.com/PuerkitoBio/goquery"
  packages = ["."]
  pruneopts = ""
  revision = "dc2ec5c7ca4d9aae063b79b9f581dd3ea6afd2b2"
  version = "v1.4.1"

[[projects]]
  digest = "1:e3726ad6f38f710e84c8dcd0e830014de6eaeea81f28d91ae898afecc078479a"
  name = "github.com/andybalholm/cascadia"
  packages = ["."]
  pruneopts = ""
  revision = "901648c87902174f774fac311d7f176f8647bdaa"
  version = "v1.0.0"

[[projects]]
  digest = "1:0308279931f894a1ba11e7d354d346c96ead9c7539a4fff1fce030845ec6c780"
  name = "github.com/tdewolff/minify"
  packages = [
    ".",
    "css",
    "html",
    "js",
  ]
  pruneopts = ""
  revision = "8d72a4127ae33b755e95bffede9b92e396267ce2"
  version = "v2.3.5"

[[projects]]
  digest = "1:6e64aa755995f3185ee55306ada462999775b8faae39aec142b3fd54248dd5ee"
  name = "github.com/tdewolff/parse"
  packages = [
    ".",
    "buffer",
    "css",
    "html",
    "js",
    "strconv",
  ]
  pruneopts = ""
  revision = "d739d6fccb0971177e06352fea02d3552625efb1"
  version = "v2.3.3"

[[projects]]
  branch = "master"
  digest = "1:eac0fdb56b5f7a48d2ce3addfe418c8231f8ca694e6c7b58736d6a4c0b03233f"
  name = "github.com/teamwork/test"
  packages = ["."]
  pruneopts = ""
  revision = "fb2f93f656a322dbe851f2aa54921279dfc1a333"

[[projects]]
  branch = "master"
  digest = "1:9ded889e52467cd99fe6fc59046ac9efb60bdb94cbf9d30266cb5bb5c1085fb0"
  name = "github.com/teamwork/utils"
  packages = [
    "jsonutil",
    "stringutil",
  ]
  pruneopts = ""
  revision = "68176443984665b694aa6ee2f6ec5972883bdafd"

[[projects]]
  branch = "master"
  digest = "1:7dd0f1b8c8bd70dbae4d3ed3fbfaec224e2b27bcc0fc65882d6f1dba5b1f6e22"
  name = "golang.org/x/net"
  packages = [
    "html",
    "html/atom",
  ]
  pruneopts = ""
  revision = "8a410e7b638dca158bf9e766925842f6651ff828"

[solve-meta]
  analyzer-name = "dep"
  analyzer-version = 1
  input-imports = [
    "github.com/PuerkitoBio/goquery",
    "github.com/tdewolff/minify",
    "github.com/tdewolff/minify/css",
    "github.com/tdewolff/minify/html",
    "github.com/tdewolff/minify/js",
    "github.com/tdewolff/parse/css",
    "github.com/teamwork/test",
  ]
  solver-name = "gps-cdcl"
  solver-version = 1
